<?xml version="1.0" encoding="utf-8"?>
<Project ToolsVersion="17.0" xmlns="http://schemas.microsoft.com/developer/msbuild/2003">
  <ItemGroup>
    <ClCompile Include="C:\Users\admin\source\repos\openw3d-oW3Dedit\Main.cpp">
      <Filter>Source Files</Filter>
    </ClCompile>
    <ClCompile Include="C:\Users\admin\source\repos\openw3d-oW3Dedit\mainWindow.cpp">
      <Filter>Source Files</Filter>
    </ClCompile>
    <ClCompile Include="C:\Users\admin\source\repos\openw3d-oW3Dedit\backend\ChunkData.cpp">
      <Filter>Source Files</Filter>
    </ClCompile>
    <ClCompile Include="backend\ChunkJson.cpp">
      <Filter>Source Files</Filter>
    </ClCompile>
    <ClCompile Include="backend\ChunkSerializers.cpp">
      <Filter>Source Files</Filter>
    </ClCompile>
    <ClCompile Include="backend\render\SceneBuilder.cpp">
      <Filter>Source Files</Filter>
    </ClCompile>
    <ClCompile Include="frontend\render\D3D11RenderBackend.cpp">
      <Filter>Source Files</Filter>
    </ClCompile>
    <ClCompile Include="frontend\render\VulkanRenderBackend.cpp">
      <Filter>Source Files</Filter>
    </ClCompile>
    <ClCompile Include="frontend\render\RenderViewportWidget.cpp">
      <Filter>Source Files</Filter>
    </ClCompile>
    <ClCompile Include="thirdparty\imgui\imgui.cpp">
      <Filter>Source Files</Filter>
    </ClCompile>
    <ClCompile Include="thirdparty\imgui\imgui_draw.cpp">
      <Filter>Source Files</Filter>
    </ClCompile>
    <ClCompile Include="thirdparty\imgui\imgui_tables.cpp">
      <Filter>Source Files</Filter>
    </ClCompile>
    <ClCompile Include="thirdparty\imgui\imgui_widgets.cpp">
      <Filter>Source Files</Filter>
    </ClCompile>
    <ClCompile Include="thirdparty\imgui\backends\imgui_impl_dx11.cpp">
      <Filter>Source Files</Filter>
    </ClCompile>
    <ClCompile Include="thirdparty\ImGuizmo\ImGuizmo.cpp">
      <Filter>Source Files</Filter>
    </ClCompile>
  </ItemGroup>
  <ItemGroup>
    <ClInclude Include="C:\Users\admin\source\repos\openw3d-oW3Dedit\MainWindow.h">
      <Filter>Header Files</Filter>
    </ClInclude>
    <ClInclude Include="C:\Users\admin\source\repos\openw3d-oW3Dedit\backend\ChunkItem.h">
      <Filter>Header Files</Filter>
    </ClInclude>
    <ClInclude Include="C:\Users\admin\source\repos\openw3d-oW3Dedit\backend\ChunkData.h">
      <Filter>Header Files</Filter>
    </ClInclude>
    <ClInclude Include="backend\ChunkInterpreter.h">
      <Filter>Header Files</Filter>
    </ClInclude>
    <ClInclude Include="backend\ChunkNames.h">
      <Filter>Header Files</Filter>
    </ClInclude>
    <ClInclude Include="backend\EnumToString.h">
      <Filter>Header Files</Filter>
    </ClInclude>
    <ClInclude Include="backend\FormatUtils.h">
      <Filter>Header Files</Filter>
    </ClInclude>
    <ClInclude Include="backend\parseUtils.h">
      <Filter>Header Files</Filter>
    </ClInclude>
    <ClInclude Include="backend\W3DAggregate.h">
      <Filter>Header Files</Filter>
    </ClInclude>
    <ClInclude Include="backend\W3DAnimation.h">
      <Filter>Header Files</Filter>
    </ClInclude>
    <ClInclude Include="backend\W3DBox.h">
      <Filter>Header Files</Filter>
    </ClInclude>
    <ClInclude Include="backend\W3DCollection.h">
      <Filter>Header Files</Filter>
    </ClInclude>
    <ClInclude Include="backend\W3DCompressedAnimation.h">
      <Filter>Header Files</Filter>
    </ClInclude>
    <ClInclude Include="backend\W3DDazzle.h">
      <Filter>Header Files</Filter>
    </ClInclude>
    <ClInclude Include="backend\W3DEmitter.h">
      <Filter>Header Files</Filter>
    </ClInclude>
    <ClInclude Include="backend\W3DHierarchy.h">
      <Filter>Header Files</Filter>
    </ClInclude>
    <ClInclude Include="backend\W3DHlod.h">
      <Filter>Header Files</Filter>
    </ClInclude>
    <ClInclude Include="backend\W3DHmodel.h">
      <Filter>Header Files</Filter>
    </ClInclude>
    <ClInclude Include="backend\W3DLight.h">
      <Filter>Header Files</Filter>
    </ClInclude>
    <ClInclude Include="backend\W3DLightscape.h">
      <Filter>Header Files</Filter>
    </ClInclude>
    <ClInclude Include="backend\W3DLodModel.h">
      <Filter>Header Files</Filter>
    </ClInclude>
    <ClInclude Include="backend\W3DMesh.h">
      <Filter>Header Files</Filter>
    </ClInclude>
    <ClInclude Include="backend\W3DMorphAnimation.h">
      <Filter>Header Files</Filter>
    </ClInclude>
    <ClInclude Include="backend\W3DNullObject.h">
      <Filter>Header Files</Filter>
    </ClInclude>
    <ClInclude Include="backend\W3DPoints.h">
      <Filter>Header Files</Filter>
    </ClInclude>
    <ClInclude Include="backend\W3DPrimatives.h">
      <Filter>Header Files</Filter>
    </ClInclude>
    <ClInclude Include="backend\W3DSoundRenderObj.h">
      <Filter>Header Files</Filter>
    </ClInclude>
    <ClInclude Include="backend\W3DStructs.h">
      <Filter>Header Files</Filter>
    </ClInclude>
    <ClInclude Include="backend\W3DObsolete.h">
      <Filter>Header Files</Filter>
    </ClInclude>
    <ClInclude Include="backend\W3DShdMesh.h">
      <Filter>Header Files</Filter>
    </ClInclude>
    <ClInclude Include="backend\ChunkJson.h">
      <Filter>Header Files</Filter>
    </ClInclude>
    <ClInclude Include="backend\ChunkSerializers.h">
      <Filter>Header Files</Filter>
    </ClInclude>
    <ClInclude Include="backend\ChunkSerializer.h">
      <Filter>Header Files</Filter>
    </ClInclude>
    <ClInclude Include="backend\render\RenderScene.h">
      <Filter>Header Files</Filter>
    </ClInclude>
    <ClInclude Include="backend\render\RenderTypes.h">
      <Filter>Header Files</Filter>
    </ClInclude>
    <ClInclude Include="backend\render\SceneBuilder.h">
      <Filter>Header Files</Filter>
    </ClInclude>
    <ClInclude Include="frontend\render\D3D11RenderBackend.h">
      <Filter>Header Files</Filter>
    </ClInclude>
    <ClInclude Include="frontend\render\IRenderBackend.h">
      <Filter>Header Files</Filter>
    </ClInclude>
    <ClInclude Include="frontend\render\VulkanRenderBackend.h">
      <Filter>Header Files</Filter>
    </ClInclude>
    <ClInclude Include="frontend\render\RenderViewportWidget.h">
      <Filter>Header Files</Filter>
    </ClInclude>
    <ClInclude Include="thirdparty\imgui\imgui.h">
      <Filter>Header Files</Filter>
    </ClInclude>
    <ClInclude Include="thirdparty\imgui\imconfig.h">
      <Filter>Header Files</Filter>
    </ClInclude>
    <ClInclude Include="thirdparty\imgui\imgui_internal.h">
      <Filter>Header Files</Filter>
    </ClInclude>
    <ClInclude Include="thirdparty\imgui\imstb_rectpack.h">
      <Filter>Header Files</Filter>
    </ClInclude>
    <ClInclude Include="thirdparty\imgui\imstb_textedit.h">
      <Filter>Header Files</Filter>
    </ClInclude>
    <ClInclude Include="thirdparty\imgui\imstb_truetype.h">
      <Filter>Header Files</Filter>
    </ClInclude>
    <ClInclude Include="thirdparty\imgui\backends\imgui_impl_dx11.h">
      <Filter>Header Files</Filter>
    </ClInclude>
    <ClInclude Include="thirdparty\ImGuizmo\ImGuizmo.h">
      <Filter>Header Files</Filter>
    </ClInclude>
  </ItemGroup>
  <ItemGroup>
    <Filter Include="Header Files">
      <UniqueIdentifier>{6A8FE00F-A15E-331F-80BF-2D6AB04B8DEA}</UniqueIdentifier>
    </Filter>
    <Filter Include="Source Files">
      <UniqueIdentifier>{791DEFAE-8305-3AAC-9A56-84A739771884}</UniqueIdentifier>
    </Filter>
  </ItemGroup>
  <ItemGroup>
    <ResourceCompile Include="app_icon.rc">
      <Filter>Resource Files</Filter>
    </ResourceCompile>
    <QtMoc Include="MainWindow.h" />
    <QtMoc Include="EditorWidgets.h" />
    <QtMoc Include="frontend\render\RenderViewportWidget.h" />
  </ItemGroup>
  <ItemGroup>
    <Filter Include="Resource Files">
      <UniqueIdentifier>{4A782A7C-5972-4E34-B4A2-B4F39D39F5CF}</UniqueIdentifier>
    </Filter>
  </ItemGroup>
</Project>
