<?xml version="1.0" encoding="utf-8"?>
<Project ToolsVersion="17.0" xmlns="http://schemas.microsoft.com/developer/msbuild/2003">
  <ItemGroup>
    <ClCompile Include="C:\Users\admin\source\repos\openw3d-oW3Dedit\Main.cpp">
      <Filter>Source Files</Filter>
    </ClCompile>
    <ClCompile Include="C:\Users\admin\source\repos\openw3d-oW3Dedit\mainWindow.cpp">
      <Filter>Source Files</Filter>
    </ClCompile>
    <ClCompile Include="C:\Users\admin\source\repos\openw3d-oW3Dedit\backend\ChunkData.cpp">
      <Filter>Source Files</Filter>
    </ClCompile>
    <ClCompile Include="backend\ChunkJson.cpp">
      <Filter>Source Files</Filter>
    </ClCompile>
  </ItemGroup>
  <ItemGroup>
    <ClInclude Include="C:\Users\admin\source\repos\openw3d-oW3Dedit\MainWindow.h">
      <Filter>Header Files</Filter>
    </ClInclude>
    <ClInclude Include="C:\Users\admin\source\repos\openw3d-oW3Dedit\backend\ChunkItem.h">
      <Filter>Header Files</Filter>
    </ClInclude>
    <ClInclude Include="C:\Users\admin\source\repos\openw3d-oW3Dedit\backend\ChunkData.h">
      <Filter>Header Files</Filter>
    </ClInclude>
    <ClInclude Include="backend\ChunkInterpreter.h">
      <Filter>Header Files</Filter>
    </ClInclude>
    <ClInclude Include="backend\ChunkNames.h">
      <Filter>Header Files</Filter>
    </ClInclude>
    <ClInclude Include="backend\EnumToString.h">
      <Filter>Header Files</Filter>
    </ClInclude>
    <ClInclude Include="backend\FormatUtils.h">
      <Filter>Header Files</Filter>
    </ClInclude>
    <ClInclude Include="backend\parseUtils.h">
      <Filter>Header Files</Filter>
    </ClInclude>
    <ClInclude Include="backend\W3DAggregate.h">
      <Filter>Header Files</Filter>
    </ClInclude>
    <ClInclude Include="backend\W3DAnimation.h">
      <Filter>Header Files</Filter>
    </ClInclude>
    <ClInclude Include="backend\W3DBox.h">
      <Filter>Header Files</Filter>
    </ClInclude>
    <ClInclude Include="backend\W3DCollection.h">
      <Filter>Header Files</Filter>
    </ClInclude>
    <ClInclude Include="backend\W3DCompressedAnimation.h">
      <Filter>Header Files</Filter>
    </ClInclude>
    <ClInclude Include="backend\W3DDazzle.h">
      <Filter>Header Files</Filter>
    </ClInclude>
    <ClInclude Include="backend\W3DEmitter.h">
      <Filter>Header Files</Filter>
    </ClInclude>
    <ClInclude Include="backend\W3DHierarchy.h">
      <Filter>Header Files</Filter>
    </ClInclude>
    <ClInclude Include="backend\W3DHlod.h">
      <Filter>Header Files</Filter>
    </ClInclude>
    <ClInclude Include="backend\W3DHmodel.h">
      <Filter>Header Files</Filter>
    </ClInclude>
    <ClInclude Include="backend\W3DLight.h">
      <Filter>Header Files</Filter>
    </ClInclude>
    <ClInclude Include="backend\W3DLightscape.h">
      <Filter>Header Files</Filter>
    </ClInclude>
    <ClInclude Include="backend\W3DLodModel.h">
      <Filter>Header Files</Filter>
    </ClInclude>
    <ClInclude Include="backend\W3DMesh.h">
      <Filter>Header Files</Filter>
    </ClInclude>
    <ClInclude Include="backend\W3DMorphAnimation.h">
      <Filter>Header Files</Filter>
    </ClInclude>
    <ClInclude Include="backend\W3DNullObject.h">
      <Filter>Header Files</Filter>
    </ClInclude>
    <ClInclude Include="backend\W3DPoints.h">
      <Filter>Header Files</Filter>
    </ClInclude>
    <ClInclude Include="backend\W3DPrimatives.h">
      <Filter>Header Files</Filter>
    </ClInclude>
    <ClInclude Include="backend\W3DSoundRenderObj.h">
      <Filter>Header Files</Filter>
    </ClInclude>
    <ClInclude Include="backend\W3DStructs.h">
      <Filter>Header Files</Filter>
    </ClInclude>
    <ClInclude Include="backend\W3DObsolete.h">
      <Filter>Header Files</Filter>
    </ClInclude>
    <ClInclude Include="backend\W3DShdMesh.h">
      <Filter>Header Files</Filter>
    </ClInclude>
    <ClInclude Include="backend\ChunkJson.h">
      <Filter>Header Files</Filter>
    </ClInclude>
  </ItemGroup>
  <ItemGroup>
    <Filter Include="Header Files">
      <UniqueIdentifier>{6A8FE00F-A15E-331F-80BF-2D6AB04B8DEA}</UniqueIdentifier>
    </Filter>
    <Filter Include="Source Files">
      <UniqueIdentifier>{791DEFAE-8305-3AAC-9A56-84A739771884}</UniqueIdentifier>
    </Filter>
  </ItemGroup>
  <ItemGroup>
    <QtMoc Include="MainWindow.h" />
  </ItemGroup>
</Project>